
Microsoft Visual Studio Solution File, Format Version 12.00
# Visual Studio 15
VisualStudioVersion = 15.0.28307.645
MinimumVisualStudioVersion = 10.0.40219.1
Project("{FAE04EC0-301F-11D3-BF4B-00C04F79EFBC}") = "SeaSky.SyTemplater.BLL", "BLL\SeaSky.SyTemplater.BLL.csproj", "{12E4D874-904B-4AD2-B908-70905B3AB664}"
EndProject
Project("{FAE04EC0-301F-11D3-BF4B-00C04F79EFBC}") = "SeaSky.SyTemplater.DAL", "DAL\SeaSky.SyTemplater.DAL.csproj", "{A9AB9DF6-C011-47F8-A6CD-36895345A5A7}"
EndProject
Project("{FAE04EC0-301F-11D3-BF4B-00C04F79EFBC}") = "SeaSky.SyTemplater.Model", "Model\SeaSky.SyTemplater.Model.csproj", "{BAAE53E8-704F-4D07-982C-B20AC06AB83F}"
EndProject
Project("{FAE04EC0-301F-11D3-BF4B-00C04F79EFBC}") = "SeaSky.SyTemplater.WebApi", "WebApi\SeaSky.SyTemplater.WebApi.csproj", "{B1BCAC76-7E4A-43B3-98A9-A1A1B352A683}"
EndProject
Project("{FAE04EC0-301F-11D3-BF4B-00C04F79EFBC}") = "SeaSky.SyTemplater.Test", "SeaSky.SyTemplater.Test\SeaSky.SyTemplater.Test.csproj", "{FD3C7DD1-0F0E-4E13-9117-7636DFD3254D}"
EndProject
Project("{FAE04EC0-301F-11D3-BF4B-00C04F79EFBC}") = "Seasky.StandardLib.FrameWork", "Seasky.StandardLib.FrameWork\Seasky.StandardLib.FrameWork.csproj", "{A50D38AF-B00E-4620-91CB-CF70519813E7}"
EndProject
Global
	GlobalSection(SolutionConfigurationPlatforms) = preSolution
		Debug|Any CPU = Debug|Any CPU
		Release|Any CPU = Release|Any CPU
	EndGlobalSection
	GlobalSection(ProjectConfigurationPlatforms) = postSolution
		{12E4D874-904B-4AD2-B908-70905B3AB664}.Debug|Any CPU.ActiveCfg = Debug|Any CPU
		{12E4D874-904B-4AD2-B908-70905B3AB664}.Debug|Any CPU.Build.0 = Debug|Any CPU
		{12E4D874-904B-4AD2-B908-70905B3AB664}.Release|Any CPU.ActiveCfg = Release|Any CPU
		{12E4D874-904B-4AD2-B908-70905B3AB664}.Release|Any CPU.Build.0 = Release|Any CPU
		{A9AB9DF6-C011-47F8-A6CD-36895345A5A7}.Debug|Any CPU.ActiveCfg = Debug|Any CPU
		{A9AB9DF6-C011-47F8-A6CD-36895345A5A7}.Debug|Any CPU.Build.0 = Debug|Any CPU
		{A9AB9DF6-C011-47F8-A6CD-36895345A5A7}.Release|Any CPU.ActiveCfg = Release|Any CPU
		{A9AB9DF6-C011-47F8-A6CD-36895345A5A7}.Release|Any CPU.Build.0 = Release|Any CPU
		{BAAE53E8-704F-4D07-982C-B20AC06AB83F}.Debug|Any CPU.ActiveCfg = Debug|Any CPU
		{BAAE53E8-704F-4D07-982C-B20AC06AB83F}.Debug|Any CPU.Build.0 = Debug|Any CPU
		{BAAE53E8-704F-4D07-982C-B20AC06AB83F}.Release|Any CPU.ActiveCfg = Release|Any CPU
		{BAAE53E8-704F-4D07-982C-B20AC06AB83F}.Release|Any CPU.Build.0 = Release|Any CPU
		{B1BCAC76-7E4A-43B3-98A9-A1A1B352A683}.Debug|Any CPU.ActiveCfg = Debug|Any CPU
		{B1BCAC76-7E4A-43B3-98A9-A1A1B352A683}.Debug|Any CPU.Build.0 = Debug|Any CPU
		{B1BCAC76-7E4A-43B3-98A9-A1A1B352A683}.Release|Any CPU.ActiveCfg = Release|Any CPU
		{B1BCAC76-7E4A-43B3-98A9-A1A1B352A683}.Release|Any CPU.Build.0 = Release|Any CPU
		{FD3C7DD1-0F0E-4E13-9117-7636DFD3254D}.Debug|Any CPU.ActiveCfg = Debug|Any CPU
		{FD3C7DD1-0F0E-4E13-9117-7636DFD3254D}.Debug|Any CPU.Build.0 = Debug|Any CPU
		{FD3C7DD1-0F0E-4E13-9117-7636DFD3254D}.Release|Any CPU.ActiveCfg = Release|Any CPU
		{FD3C7DD1-0F0E-4E13-9117-7636DFD3254D}.Release|Any CPU.Build.0 = Release|Any CPU
		{A50D38AF-B00E-4620-91CB-CF70519813E7}.Debug|Any CPU.ActiveCfg = Debug|Any CPU
		{A50D38AF-B00E-4620-91CB-CF70519813E7}.Debug|Any CPU.Build.0 = Debug|Any CPU
		{A50D38AF-B00E-4620-91CB-CF70519813E7}.Release|Any CPU.ActiveCfg = Release|Any CPU
		{A50D38AF-B00E-4620-91CB-CF70519813E7}.Release|Any CPU.Build.0 = Release|Any CPU
	EndGlobalSection
	GlobalSection(SolutionProperties) = preSolution
		HideSolutionNode = FALSE
	EndGlobalSection
	GlobalSection(ExtensibilityGlobals) = postSolution
		SolutionGuid = {14EB9F01-C2EF-4DCC-899F-772FD435F569}
	EndGlobalSection
EndGlobal
